Microsoft Visual Studio Solution File, Format Version 12.00
# Visual Studio Version 17
VisualStudioVersion = 17.2.32630.192
MinimumVisualStudioVersion = 10.0.40219.1
Project("{9A19103F-16F7-4668-BE54-9A1E7A4F7556}") = "TicTacToe.Core", "TicTacToe.Core\TicTacToe.Core.csproj", "{3737268B-094D-4025-B189-D393AFD1545D}"
EndProject
Project("{9A19103F-16F7-4668-BE54-9A1E7A4F7556}") = "TicTacToe.Testing", "TicTacToe.Testing\TicTacToe.Testing.csproj", "{40740C23-4C29-4905-9702-6C57D5E34AA1}"
	ProjectSection(ProjectDependencies) = postProject
		{3737268B-094D-4025-B189-D393AFD1545D} = {3737268B-094D-4025-B189-D393AFD1545D}
	EndProjectSection
EndProject
Project("{9A19103F-16F7-4668-BE54-9A1E7A4F7556}") = "TicTacToe.UI", "TicTacToe.UI\TicTacToe.UI.csproj", "{184E4143-3228-49A5-BDFD-0724FCF95432}"
EndProject
Global
	GlobalSection(SolutionConfigurationPlatforms) = preSolution
		Debug|Any CPU = Debug|Any CPU
		Release|Any CPU = Release|Any CPU
	EndGlobalSection
	GlobalSection(ProjectConfigurationPlatforms) = postSolution
		{3737268B-094D-4025-B189-D393AFD1545D}.Debug|Any CPU.ActiveCfg = Debug|Any CPU
		{3737268B-094D-4025-B189-D393AFD1545D}.Debug|Any CPU.Build.0 = Debug|Any CPU
		{3737268B-094D-4025-B189-D393AFD1545D}.Release|Any CPU.ActiveCfg = Release|Any CPU
		{3737268B-094D-4025-B189-D393AFD1545D}.Release|Any CPU.Build.0 = Release|Any CPU
		{40740C23-4C29-4905-9702-6C57D5E34AA1}.Debug|Any CPU.ActiveCfg = Debug|Any CPU
		{40740C23-4C29-4905-9702-6C57D5E34AA1}.Debug|Any CPU.Build.0 = Debug|Any CPU
		{40740C23-4C29-4905-9702-6C57D5E34AA1}.Release|Any CPU.ActiveCfg = Release|Any CPU
		{40740C23-4C29-4905-9702-6C57D5E34AA1}.Release|Any CPU.Build.0 = Release|Any CPU
		{184E4143-3228-49A5-BDFD-0724FCF95432}.Debug|Any CPU.ActiveCfg = Debug|Any CPU
		{184E4143-3228-49A5-BDFD-0724FCF95432}.Debug|Any CPU.Build.0 = Debug|Any CPU
		{184E4143-3228-49A5-BDFD-0724FCF95432}.Release|Any CPU.ActiveCfg = Release|Any CPU
		{184E4143-3228-49A5-BDFD-0724FCF95432}.Release|Any CPU.Build.0 = Release|Any CPU
	EndGlobalSection
	GlobalSection(SolutionProperties) = preSolution
		HideSolutionNode = FALSE
	EndGlobalSection
	GlobalSection(ExtensibilityGlobals) = postSolution
		SolutionGuid = {568F3967-330C-4F09-B335-B80E8A402904}
	EndGlobalSection
EndGlobal
